
Microsoft Visual Studio Solution File, Format Version 12.00
# Visual Studio Version 17
VisualStudioVersion = 17.14.36414.22
MinimumVisualStudioVersion = 10.0.40219.1
Project("{FAE04EC0-301F-11D3-BF4B-00C04F79EFBC}") = "DAL", "DAL\DAL.csproj", "{7856BBD4-DA8E-4C29-B63C-01DDC8EA3835}"
EndProject
Project("{FAE04EC0-301F-11D3-BF4B-00C04F79EFBC}") = "BLL", "BLL\BLL.csproj", "{98B8C48C-A99D-4C1C-A276-F58BBA318811}"
EndProject
Project("{FAE04EC0-301F-11D3-BF4B-00C04F79EFBC}") = "GUI", "GUI\GUI.csproj", "{EBEFB126-5051-43AC-A7FB-39735C18E773}"
EndProject
Project("{FAE04EC0-301F-11D3-BF4B-00C04F79EFBC}") = "DTO", "DTO\DTO.csproj", "{42FDFB8C-DF7B-46E8-BF3B-15362EAF65D6}"
EndProject
Global
	GlobalSection(SolutionConfigurationPlatforms) = preSolution
		Debug|Any CPU = Debug|Any CPU
		Release|Any CPU = Release|Any CPU
	EndGlobalSection
	GlobalSection(ProjectConfigurationPlatforms) = postSolution
		{7856BBD4-DA8E-4C29-B63C-01DDC8EA3835}.Debug|Any CPU.ActiveCfg = Debug|Any CPU
		{7856BBD4-DA8E-4C29-B63C-01DDC8EA3835}.Debug|Any CPU.Build.0 = Debug|Any CPU
		{7856BBD4-DA8E-4C29-B63C-01DDC8EA3835}.Release|Any CPU.ActiveCfg = Release|Any CPU
		{7856BBD4-DA8E-4C29-B63C-01DDC8EA3835}.Release|Any CPU.Build.0 = Release|Any CPU
		{98B8C48C-A99D-4C1C-A276-F58BBA318811}.Debug|Any CPU.ActiveCfg = Debug|Any CPU
		{98B8C48C-A99D-4C1C-A276-F58BBA318811}.Debug|Any CPU.Build.0 = Debug|Any CPU
		{98B8C48C-A99D-4C1C-A276-F58BBA318811}.Release|Any CPU.ActiveCfg = Release|Any CPU
		{98B8C48C-A99D-4C1C-A276-F58BBA318811}.Release|Any CPU.Build.0 = Release|Any CPU
		{EBEFB126-5051-43AC-A7FB-39735C18E773}.Debug|Any CPU.ActiveCfg = Debug|Any CPU
		{EBEFB126-5051-43AC-A7FB-39735C18E773}.Debug|Any CPU.Build.0 = Debug|Any CPU
		{EBEFB126-5051-43AC-A7FB-39735C18E773}.Release|Any CPU.ActiveCfg = Release|Any CPU
		{EBEFB126-5051-43AC-A7FB-39735C18E773}.Release|Any CPU.Build.0 = Release|Any CPU
		{42FDFB8C-DF7B-46E8-BF3B-15362EAF65D6}.Debug|Any CPU.ActiveCfg = Debug|Any CPU
		{42FDFB8C-DF7B-46E8-BF3B-15362EAF65D6}.Debug|Any CPU.Build.0 = Debug|Any CPU
		{42FDFB8C-DF7B-46E8-BF3B-15362EAF65D6}.Release|Any CPU.ActiveCfg = Release|Any CPU
		{42FDFB8C-DF7B-46E8-BF3B-15362EAF65D6}.Release|Any CPU.Build.0 = Release|Any CPU
	EndGlobalSection
	GlobalSection(SolutionProperties) = preSolution
		HideSolutionNode = FALSE
	EndGlobalSection
	GlobalSection(ExtensibilityGlobals) = postSolution
		SolutionGuid = {440C235B-C5A9-497F-8510-FA2B9DC160F9}
	EndGlobalSection
EndGlobal
